// !$*UTF8*$!
{
	archiveVersion = 1;
	classes = {
	};
	objectVersion = 51;
	objects = {

/* Begin PBXBuildFile section */
		4B6705EF29C0EC2B0091B4FE /* AppDelegate.swift in Sources */ = {isa = PBXBuildFile; fileRef = 4B6705EE29C0EC2B0091B4FE /* AppDelegate.swift */; };
		4B6705F129C0EC2B0091B4FE /* SceneDelegate.swift in Sources */ = {isa = PBXBuildFile; fileRef = 4B6705F029C0EC2B0091B4FE /* SceneDelegate.swift */; };
		4B6705F329C0EC2B0091B4FE /* ViewController.swift in Sources */ = {isa = PBXBuildFile; fileRef = 4B6705F229C0EC2B0091B4FE /* ViewController.swift */; };
		4B6705F629C0EC2B0091B4FE /* Main.storyboard in Resources */ = {isa = PBXBuildFile; fileRef = 4B6705F429C0EC2B0091B4FE /* Main.storyboard */; };
		4B6705F829C0EC2F0091B4FE /* Assets.xcassets in Resources */ = {isa = PBXBuildFile; fileRef = 4B6705F729C0EC2F0091B4FE /* Assets.xcassets */; };
		4B6705FB29C0EC2F0091B4FE /* LaunchScreen.storyboard in Resources */ = {isa = PBXBuildFile; fileRef = 4B6705F929C0EC2F0091B4FE /* LaunchScreen.storyboard */; };
		6BFD50F01718D7C620A264E5 /* Pods_SignInWithGoogleAccount.framework in Frameworks */ = {isa = PBXBuildFile; fileRef = 2AD3394AD40C88B6459907B2 /* Pods_SignInWithGoogleAccount.framework */; };
/* End PBXBuildFile section */

/* Begin PBXFileReference section */
		2AD3394AD40C88B6459907B2 /* Pods_SignInWithGoogleAccount.framework */ = {isa = PBXFileReference; explicitFileType = wrapper.framework; includeInIndex = 0; path = Pods_SignInWithGoogleAccount.framework; sourceTree = BUILT_PRODUCTS_DIR; };
		4B6705EB29C0EC2B0091B4FE /* SignInWithGoogleAccount.app */ = {isa = PBXFileReference; explicitFileType = wrapper.application; includeInIndex = 0; path = SignInWithGoogleAccount.app; sourceTree = BUILT_PRODUCTS_DIR; };
		4B6705EE29C0EC2B0091B4FE /* AppDelegate.swift */ = {isa = PBXFileReference; lastKnownFileType = sourcecode.swift; path = AppDelegate.swift; sourceTree = "<group>"; };
		4B6705F029C0EC2B0091B4FE /* SceneDelegate.swift */ = {isa = PBXFileReference; lastKnownFileType = sourcecode.swift; path = SceneDelegate.swift; sourceTree = "<group>"; };
		4B6705F229C0EC2B0091B4FE /* ViewController.swift */ = {isa = PBXFileReference; lastKnownFileType = sourcecode.swift; path = ViewController.swift; sourceTree = "<group>"; };
		4B6705F529C0EC2B0091B4FE /* Base */ = {isa = PBXFileReference; lastKnownFileType = file.storyboard; name = Base; path = Base.lproj/Main.storyboard; sourceTree = "<group>"; };
		4B6705F729C0EC2F0091B4FE /* Assets.xcassets */ = {isa = PBXFileReference; lastKnownFileType = folder.assetcatalog; path = Assets.xcassets; sourceTree = "<group>"; };
		4B6705FA29C0EC2F0091B4FE /* Base */ = {isa = PBXFileReference; lastKnownFileType = file.storyboard; name = Base; path = Base.lproj/LaunchScreen.storyboard; sourceTree = "<group>"; };
		4B6705FC29C0EC2F0091B4FE /* Info.plist */ = {isa = PBXFileReference; lastKnownFileType = text.plist.xml; path = Info.plist; sourceTree = "<group>"; };
		6AF72CFA2F186F61523B34B3 /* Pods-SignInWithGoogleAccount.debug.xcconfig */ = {isa = PBXFileReference; includeInIndex = 1; lastKnownFileType = text.xcconfig; name = "Pods-SignInWithGoogleAccount.debug.xcconfig"; path = "Target Support Files/Pods-SignInWithGoogleAccount/Pods-SignInWithGoogleAccount.debug.xcconfig"; sourceTree = "<group>"; };
		DB108EC5B3FA68E03616C2C7 /* Pods-SignInWithGoogleAccount.release.xcconfig */ = {isa = PBXFileReference; includeInIndex = 1; lastKnownFileType = text.xcconfig; name = "Pods-SignInWithGoogleAccount.release.xcconfig"; path = "Target Support Files/Pods-SignInWithGoogleAccount/Pods-SignInWithGoogleAccount.release.xcconfig"; sourceTree = "<group>"; };
/* End PBXFileReference section */

/* Begin PBXFrameworksBuildPhase section */
		4B6705E829C0EC2B0091B4FE /* Frameworks */ = {
			isa = PBXFrameworksBuildPhase;
			buildActionMask = 2147483647;
			files = (
				6BFD50F01718D7C620A264E5 /* Pods_SignInWithGoogleAccount.framework in Frameworks */,
			);
			runOnlyForDeploymentPostprocessing = 0;
		};
/* End PBXFrameworksBuildPhase section */

/* Begin PBXGroup section */
		4B6705E229C0EC2A0091B4FE = {
			isa = PBXGroup;
			children = (
				4B6705ED29C0EC2B0091B4FE /* SignInWithGoogleAccount */,
				4B6705EC29C0EC2B0091B4FE /* Products */,
				AAAAEF0EFBF7EB6E719BFAF6 /* Pods */,
				6C770FDD9D08291B6939F35E /* Frameworks */,
			);
			sourceTree = "<group>";
		};
		4B6705EC29C0EC2B0091B4FE /* Products */ = {
			isa = PBXGroup;
			children = (
				4B6705EB29C0EC2B0091B4FE /* SignInWithGoogleAccount.app */,
			);
			name = Products;
			sourceTree = "<group>";
		};
		4B6705ED29C0EC2B0091B4FE /* SignInWithGoogleAccount */ = {
			isa = PBXGroup;
			children = (
				4B6705EE29C0EC2B0091B4FE /* AppDelegate.swift */,
				4B6705F029C0EC2B0091B4FE /* SceneDelegate.swift */,
				4B6705F229C0EC2B0091B4FE /* ViewController.swift */,
				4B6705F429C0EC2B0091B4FE /* Main.storyboard */,
				4B6705F729C0EC2F0091B4FE /* Assets.xcassets */,
				4B6705F929C0EC2F0091B4FE /* LaunchScreen.storyboard */,
				4B6705FC29C0EC2F0091B4FE /* Info.plist */,
			);
			path = SignInWithGoogleAccount;
			sourceTree = "<group>";
		};
		6C770FDD9D08291B6939F35E /* Frameworks */ = {
			isa = PBXGroup;
			children = (
				2AD3394AD40C88B6459907B2 /* Pods_SignInWithGoogleAccount.framework */,
			);
			name = Frameworks;
			sourceTree = "<group>";
		};
		AAAAEF0EFBF7EB6E719BFAF6 /* Pods */ = {
			isa = PBXGroup;
			children = (
				6AF72CFA2F186F61523B34B3 /* Pods-SignInWithGoogleAccount.debug.xcconfig */,
				DB108EC5B3FA68E03616C2C7 /* Pods-SignInWithGoogleAccount.release.xcconfig */,
			);
			path = Pods;
			sourceTree = "<group>";
		};
/* End PBXGroup section */

/* Begin PBXNativeTarget section */
		4B6705EA29C0EC2B0091B4FE /* SignInWithGoogleAccount */ = {
			isa = PBXNativeTarget;
			buildConfigurationList = 4B6705FF29C0EC2F0091B4FE /* Build configuration list for PBXNativeTarget "SignInWithGoogleAccount" */;
			buildPhases = (
				11E993540C21BA59D0189B76 /* [CP] Check Pods Manifest.lock */,
				4B6705E729C0EC2B0091B4FE /* Sources */,
				4B6705E829C0EC2B0091B4FE /* Frameworks */,
				4B6705E929C0EC2B0091B4FE /* Resources */,
				042051F16840B8DD2A570F42 /* [CP] Embed Pods Frameworks */,
			);
			buildRules = (
			);
			dependencies = (
			);
			name = SignInWithGoogleAccount;
			productName = SignInWithGoogleAccount;
			productReference = 4B6705EB29C0EC2B0091B4FE /* SignInWithGoogleAccount.app */;
			productType = "com.apple.product-type.application";
		};
/* End PBXNativeTarget section */

/* Begin PBXProject section */
		4B6705E329C0EC2A0091B4FE /* Project object */ = {
			isa = PBXProject;
			attributes = {
				LastSwiftUpdateCheck = 1240;
				LastUpgradeCheck = 1240;
				TargetAttributes = {
					4B6705EA29C0EC2B0091B4FE = {
						CreatedOnToolsVersion = 12.4;
					};
				};
			};
			buildConfigurationList = 4B6705E629C0EC2A0091B4FE /* Build configuration list for PBXProject "SignInWithGoogleAccount" */;
			compatibilityVersion = "Xcode 9.3";
			developmentRegion = en;
			hasScannedForEncodings = 0;
			knownRegions = (
				en,
				Base,
			);
			mainGroup = 4B6705E229C0EC2A0091B4FE;
			productRefGroup = 4B6705EC29C0EC2B0091B4FE /* Products */;
			projectDirPath = "";
			projectRoot = "";
			targets = (
				4B6705EA29C0EC2B0091B4FE /* SignInWithGoogleAccount */,
			);
		};
/* End PBXProject section */

/* Begin PBXResourcesBuildPhase section */
		4B6705E929C0EC2B0091B4FE /* Resources */ = {
			isa = PBXResourcesBuildPhase;
			buildActionMask = 2147483647;
			files = (
				4B6705FB29C0EC2F0091B4FE /* LaunchScreen.storyboard in Resources */,
				4B6705F829C0EC2F0091B4FE /* Assets.xcassets in Resources */,
				4B6705F629C0EC2B0091B4FE /* Main.storyboard in Resources */,
			);
			runOnlyForDeploymentPostprocessing = 0;
		};
/* End PBXResourcesBuildPhase section */

/* Begin PBXShellScriptBuildPhase section */
		042051F16840B8DD2A570F42 /* [CP] Embed Pods Frameworks */ = {
			isa = PBXShellScriptBuildPhase;
			buildActionMask = 2147483647;
			files = (
			);
			inputFileListPaths = (
				"${PODS_ROOT}/Target Support Files/Pods-SignInWithGoogleAccount/Pods-SignInWithGoogleAccount-frameworks-${CONFIGURATION}-input-files.xcfilelist",
			);
			name = "[CP] Embed Pods Frameworks";
			outputFileListPaths = (
				"${PODS_ROOT}/Target Support Files/Pods-SignInWithGoogleAccount/Pods-SignInWithGoogleAccount-frameworks-${CONFIGURATION}-output-files.xcfilelist",
			);
			runOnlyForDeploymentPostprocessing = 0;
			shellPath = /bin/sh;
			shellScript = "\"${PODS_ROOT}/Target Support Files/Pods-SignInWithGoogleAccount/Pods-SignInWithGoogleAccount-frameworks.sh\"\n";
			showEnvVarsInLog = 0;
		};
		11E993540C21BA59D0189B76 /* [CP] Check Pods Manifest.lock */ = {
			isa = PBXShellScriptBuildPhase;
			buildActionMask = 2147483647;
			files = (
			);
			inputFileListPaths = (
			);
			inputPaths = (
				"${PODS_PODFILE_DIR_PATH}/Podfile.lock",
				"${PODS_ROOT}/Manifest.lock",
			);
			name = "[CP] Check Pods Manifest.lock";
			outputFileListPaths = (
			);
			outputPaths = (
				"$(DERIVED_FILE_DIR)/Pods-SignInWithGoogleAccount-checkManifestLockResult.txt",
			);
			runOnlyForDeploymentPostprocessing = 0;
			shellPath = /bin/sh;
			shellScript = "diff \"${PODS_PODFILE_DIR_PATH}/Podfile.lock\" \"${PODS_ROOT}/Manifest.lock\" > /dev/null\nif [ $? != 0 ] ; then\n    # print error to STDERR\n    echo \"error: The sandbox is not in sync with the Podfile.lock. Run 'pod install' or update your CocoaPods installation.\" >&2\n    exit 1\nfi\n# This output is used by Xcode 'outputs' to avoid re-running this script phase.\necho \"SUCCESS\" > \"${SCRIPT_OUTPUT_FILE_0}\"\n";
			showEnvVarsInLog = 0;
		};
/* End PBXShellScriptBuildPhase section */

/* Begin PBXSourcesBuildPhase section */
		4B6705E729C0EC2B0091B4FE /* Sources */ = {
			isa = PBXSourcesBuildPhase;
			buildActionMask = 2147483647;
			files = (
				4B6705F329C0EC2B0091B4FE /* ViewController.swift in Sources */,
				4B6705EF29C0EC2B0091B4FE /* AppDelegate.swift in Sources */,
				4B6705F129C0EC2B0091B4FE /* SceneDelegate.swift in Sources */,
			);
			runOnlyForDeploymentPostprocessing = 0;
		};
/* End PBXSourcesBuildPhase section */

/* Begin PBXVariantGroup section */
		4B6705F429C0EC2B0091B4FE /* Main.storyboard */ = {
			isa = PBXVariantGroup;
			children = (
				4B6705F529C0EC2B0091B4FE /* Base */,
			);
			name = Main.storyboard;
			sourceTree = "<group>";
		};
		4B6705F929C0EC2F0091B4FE /* LaunchScreen.storyboard */ = {
			isa = PBXVariantGroup;
			children = (
				4B6705FA29C0EC2F0091B4FE /* Base */,
			);
			name = LaunchScreen.storyboard;
			sourceTree = "<group>";
		};
/* End PBXVariantGroup section */

/* Begin XCBuildConfiguration section */
		4B6705FD29C0EC2F0091B4FE /* Debug */ = {
			isa = XCBuildConfiguration;
			buildSettings = {
				ALWAYS_SEARCH_USER_PATHS = NO;
				CLANG_ANALYZER_NONNULL = YES;
				CLANG_ANALYZER_NUMBER_OBJECT_CONVERSION = YES_AGGRESSIVE;
				CLANG_CXX_LANGUAGE_STANDARD = "gnu++14";
				CLANG_CXX_LIBRARY = "libc++";
				CLANG_ENABLE_MODULES = YES;
				CLANG_ENABLE_OBJC_ARC = YES;
				CLANG_ENABLE_OBJC_WEAK = YES;
				CLANG_WARN_BLOCK_CAPTURE_AUTORELEASING = YES;
				CLANG_WARN_BOOL_CONVERSION = YES;
				CLANG_WARN_COMMA = YES;
				CLANG_WARN_CONSTANT_CONVERSION = YES;
				CLANG_WARN_DEPRECATED_OBJC_IMPLEMENTATIONS = YES;
				CLANG_WARN_DIRECT_OBJC_ISA_USAGE = YES_ERROR;
				CLANG_WARN_DOCUMENTATION_COMMENTS = YES;
				CLANG_WARN_EMPTY_BODY = YES;
				CLANG_WARN_ENUM_CONVERSION = YES;
				CLANG_WARN_INFINITE_RECURSION = YES;
				CLANG_WARN_INT_CONVERSION = YES;
				CLANG_WARN_NON_LITERAL_NULL_CONVERSION = YES;
				CLANG_WARN_OBJC_IMPLICIT_RETAIN_SELF = YES;
				CLANG_WARN_OBJC_LITERAL_CONVERSION = YES;
				CLANG_WARN_OBJC_ROOT_CLASS = YES_ERROR;
				CLANG_WARN_QUOTED_INCLUDE_IN_FRAMEWORK_HEADER = YES;
				CLANG_WARN_RANGE_LOOP_ANALYSIS = YES;
				CLANG_WARN_STRICT_PROTOTYPES = YES;
				CLANG_WARN_SUSPICIOUS_MOVE = YES;
				CLANG_WARN_UNGUARDED_AVAILABILITY = YES_AGGRESSIVE;
				CLANG_WARN_UNREACHABLE_CODE = YES;
				CLANG_WARN__DUPLICATE_METHOD_MATCH = YES;
				COPY_PHASE_STRIP = NO;
				DEBUG_INFORMATION_FORMAT = dwarf;
				ENABLE_STRICT_OBJC_MSGSEND = YES;
				ENABLE_TESTABILITY = YES;
				GCC_C_LANGUAGE_STANDARD = gnu11;
				GCC_DYNAMIC_NO_PIC = NO;
				GCC_NO_COMMON_BLOCKS = YES;
				GCC_OPTIMIZATION_LEVEL = 0;
				GCC_PREPROCESSOR_DEFINITIONS = (
					"DEBUG=1",
					"$(inherited)",
				);
				GCC_WARN_64_TO_32_BIT_CONVERSION = YES;
				GCC_WARN_ABOUT_RETURN_TYPE = YES_ERROR;
				GCC_WARN_UNDECLARED_SELECTOR = YES;
				GCC_WARN_UNINITIALIZED_AUTOS = YES_AGGRESSIVE;
				GCC_WARN_UNUSED_FUNCTION = YES;
				GCC_WARN_UNUSED_VARIABLE = YES;
				IPHONEOS_DEPLOYMENT_TARGET = 14.4;
				MTL_ENABLE_DEBUG_INFO = INCLUDE_SOURCE;
				MTL_FAST_MATH = YES;
				ONLY_ACTIVE_ARCH = YES;
				SDKROOT = iphoneos;
				SWIFT_ACTIVE_COMPILATION_CONDITIONS = DEBUG;
				SWIFT_OPTIMIZATION_LEVEL = "-Onone";
			};
			name = Debug;
		};
		4B6705FE29C0EC2F0091B4FE /* Release */ = {
			isa = XCBuildConfiguration;
			buildSettings = {
				ALWAYS_SEARCH_USER_PATHS = NO;
				CLANG_ANALYZER_NONNULL = YES;
				CLANG_ANALYZER_NUMBER_OBJECT_CONVERSION = YES_AGGRESSIVE;
				CLANG_CXX_LANGUAGE_STANDARD = "gnu++14";
				CLANG_CXX_LIBRARY = "libc++";
				CLANG_ENABLE_MODULES = YES;
				CLANG_ENABLE_OBJC_ARC = YES;
				CLANG_ENABLE_OBJC_WEAK = YES;
				CLANG_WARN_BLOCK_CAPTURE_AUTORELEASING = YES;
				CLANG_WARN_BOOL_CONVERSION = YES;
				CLANG_WARN_COMMA = YES;
				CLANG_WARN_CONSTANT_CONVERSION = YES;
				CLANG_WARN_DEPRECATED_OBJC_IMPLEMENTATIONS = YES;
				CLANG_WARN_DIRECT_OBJC_ISA_USAGE = YES_ERROR;
				CLANG_WARN_DOCUMENTATION_COMMENTS = YES;
				CLANG_WARN_EMPTY_BODY = YES;
				CLANG_WARN_ENUM_CONVERSION = YES;
				CLANG_WARN_INFINITE_RECURSION = YES;
				CLANG_WARN_INT_CONVERSION = YES;
				CLANG_WARN_NON_LITERAL_NULL_CONVERSION = YES;
				CLANG_WARN_OBJC_IMPLICIT_RETAIN_SELF = YES;
				CLANG_WARN_OBJC_LITERAL_CONVERSION = YES;
				CLANG_WARN_OBJC_ROOT_CLASS = YES_ERROR;
				CLANG_WARN_QUOTED_INCLUDE_IN_FRAMEWORK_HEADER = YES;
				CLANG_WARN_RANGE_LOOP_ANALYSIS = YES;
				CLANG_WARN_STRICT_PROTOTYPES = YES;
				CLANG_WARN_SUSPICIOUS_MOVE = YES;
				CLANG_WARN_UNGUARDED_AVAILABILITY = YES_AGGRESSIVE;
				CLANG_WARN_UNREACHABLE_CODE = YES;
				CLANG_WARN__DUPLICATE_METHOD_MATCH = YES;
				COPY_PHASE_STRIP = NO;
				DEBUG_INFORMATION_FORMAT = "dwarf-with-dsym";
				ENABLE_NS_ASSERTIONS = NO;
				ENABLE_STRICT_OBJC_MSGSEND = YES;
				GCC_C_LANGUAGE_STANDARD = gnu11;
				GCC_NO_COMMON_BLOCKS = YES;
				GCC_WARN_64_TO_32_BIT_CONVERSION = YES;
				GCC_WARN_ABOUT_RETURN_TYPE = YES_ERROR;
				GCC_WARN_UNDECLARED_SELECTOR = YES;
				GCC_WARN_UNINITIALIZED_AUTOS = YES_AGGRESSIVE;
				GCC_WARN_UNUSED_FUNCTION = YES;
				GCC_WARN_UNUSED_VARIABLE = YES;
				IPHONEOS_DEPLOYMENT_TARGET = 14.4;
				MTL_ENABLE_DEBUG_INFO = NO;
				MTL_FAST_MATH = YES;
				SDKROOT = iphoneos;
				SWIFT_COMPILATION_MODE = wholemodule;
				SWIFT_OPTIMIZATION_LEVEL = "-O";
				VALIDATE_PRODUCT = YES;
			};
			name = Release;
		};
		4B67060029C0EC2F0091B4FE /* Debug */ = {
			isa = XCBuildConfiguration;
			baseConfigurationReference = 6AF72CFA2F186F61523B34B3 /* Pods-SignInWithGoogleAccount.debug.xcconfig */;
			buildSettings = {
				ASSETCATALOG_COMPILER_APPICON_NAME = AppIcon;
				ASSETCATALOG_COMPILER_GLOBAL_ACCENT_COLOR_NAME = AccentColor;
				CODE_SIGN_STYLE = Automatic;
				INFOPLIST_FILE = SignInWithGoogleAccount/Info.plist;
				LD_RUNPATH_SEARCH_PATHS = (
					"$(inherited)",
					"@executable_path/Frameworks",
				);
				PRODUCT_BUNDLE_IDENTIFIER = com.kiri4.SignInWithGoogleAccount;
				PRODUCT_NAME = "$(TARGET_NAME)";
				SWIFT_VERSION = 5.0;
				TARGETED_DEVICE_FAMILY = "1,2";
			};
			name = Debug;
		};
		4B67060129C0EC2F0091B4FE /* Release */ = {
			isa = XCBuildConfiguration;
			baseConfigurationReference = DB108EC5B3FA68E03616C2C7 /* Pods-SignInWithGoogleAccount.release.xcconfig */;
			buildSettings = {
				ASSETCATALOG_COMPILER_APPICON_NAME = AppIcon;
				ASSETCATALOG_COMPILER_GLOBAL_ACCENT_COLOR_NAME = AccentColor;
				CODE_SIGN_STYLE = Automatic;
				INFOPLIST_FILE = SignInWithGoogleAccount/Info.plist;
				LD_RUNPATH_SEARCH_PATHS = (
					"$(inherited)",
					"@executable_path/Frameworks",
				);
				PRODUCT_BUNDLE_IDENTIFIER = com.kiri4.SignInWithGoogleAccount;
				PRODUCT_NAME = "$(TARGET_NAME)";
				SWIFT_VERSION = 5.0;
				TARGETED_DEVICE_FAMILY = "1,2";
			};
			name = Release;
		};
/* End XCBuildConfiguration section */

/* Begin XCConfigurationList section */
		4B6705E629C0EC2A0091B4FE /* Build configuration list for PBXProject "SignInWithGoogleAccount" */ = {
			isa = XCConfigurationList;
			buildConfigurations = (
				4B6705FD29C0EC2F0091B4FE /* Debug */,
				4B6705FE29C0EC2F0091B4FE /* Release */,
			);
			defaultConfigurationIsVisible = 0;
			defaultConfigurationName = Release;
		};
		4B6705FF29C0EC2F0091B4FE /* Build configuration list for PBXNativeTarget "SignInWithGoogleAccount" */ = {
			isa = XCConfigurationList;
			buildConfigurations = (
				4B67060029C0EC2F0091B4FE /* Debug */,
				4B67060129C0EC2F0091B4FE /* Release */,
			);
			defaultConfigurationIsVisible = 0;
			defaultConfigurationName = Release;
		};
/* End XCConfigurationList section */
	};
	rootObject = 4B6705E329C0EC2A0091B4FE /* Project object */;
}
